{
  "name": "course-project",
  "version": "1.0.0",
  "lockfileVersion": 1,
  "requires": true,
  "dependencies": {
    "jquery.js": {
      "version": "0.0.2-security",
      "resolved": "https://registry.npmjs.org/jquery.js/-/jquery.js-0.0.2-security.tgz",
      "integrity": "sha512-ezUV4Jx39k9jyZjKQEkvno0JDSICSixlXEEJP7QlH2g0FS+nPinvunuI2sWHTikXq6fr44JOgEnCAIsfLZufcg=="
    },
    "lodash": {
      "version": "4.17.5",
      "resolved": "https://registry.npmjs.org/lodash/-/lodash-4.17.5.tgz",
      "integrity": "sha512-svL3uiZf1RwhH+cWrfZn3A4+U58wbP0tGVTLQPbjplZxZ8ROD9VLuNgsRniTlLe7OlSqR79RUehXgpBW/s0IQw==",
      "dev": true
    },
    "rangy": {
      "version": "1.3.0",
      "resolved": "https://registry.npmjs.org/rangy/-/rangy-1.3.0.tgz",
      "integrity": "sha1-t8mnCuoF5djNx0qNTIJz1pcnGQQ=",
      "dev": true
    },
    "rxjs": {
      "version": "5.5.10",
      "resolved": "https://registry.npmjs.org/rxjs/-/rxjs-5.5.10.tgz",
      "integrity": "sha512-SRjimIDUHJkon+2hFo7xnvNC4ZEHGzCRwh9P7nzX3zPkCGFEg/tuElrNR7L/rZMagnK2JeH2jQwPRpmyXyLB6A==",
      "dev": true,
      "requires": {
        "symbol-observable": "1.0.1"
      }
    },
    "symbol-observable": {
      "version": "1.0.1",
      "resolved": "https://registry.npmjs.org/symbol-observable/-/symbol-observable-1.0.1.tgz",
      "integrity": "sha1-g0D8RwLDEi310iKI+IKD9RPT/dQ=",
      "dev": true
    },
    "tokenizer.js": {
      "version": "1.0.1",
      "resolved": "https://registry.npmjs.org/tokenizer.js/-/tokenizer.js-1.0.1.tgz",
      "integrity": "sha512-rTvK2yBsxWZEzYznz0KYe97ALeF/J3G2KzdlgszO+3VCFDnG3OXKSrgsvDYyG1nl5MaSu208/fbYFX9XiZNFyA==",
      "dev": true,
      "requires": {
        "lodash": "4.17.5",
        "rangy": "1.3.0",
        "rxjs": "5.5.10",
        "w3c-keys": "0.3.6"
      }
    },
    "w3c-keys": {
      "version": "0.3.6",
      "resolved": "https://registry.npmjs.org/w3c-keys/-/w3c-keys-0.3.6.tgz",
      "integrity": "sha512-lRzux2VlOY123T+LYcm3EonVfNGS1SCCIXk/3dqrYOlaoQeQHG5gAihwi+xFbNykW08/w8sY9/Y6bGkAd7zhnw==",
      "dev": true
    }
  }
}
